PODS:
  - Alamofire (3.4.0)
  - AlamofireImage (2.4.0):
    - Alamofire (~> 3.3)
  - AlamofireReactive (1.0.2):
    - Alamofire (~> 3.3)
    - ReactiveKit (~> 2.0.0)
  - JSONCodable (2.1)
  - ReactiveKit (2.0.3)
  - ReactiveUIKit (2.0.1):
    - ReactiveKit (~> 2.0)

DEPENDENCIES:
  - Alamofire (~> 3.3)
  - AlamofireImage (~> 2.0)
  - AlamofireReactive (~> 1.0)
  - JSONCodable (~> 2.1)
  - ReactiveKit (~> 2.0)
  - ReactiveUIKit (~> 2.0)

SPEC CHECKSUMS:
  Alamofire: c19a627cefd6a95f840401c49ab1f124e07f54ee
  AlamofireImage: 87408b652e0f5ae5fe364035f15aea8b9b24c77e
  AlamofireReactive: fba329f36127769efe74de853526b4ed3e66d065
  JSONCodable: d3bb8d1323bb4cbc381b16219046c5282565a4f1
  ReactiveKit: 1e0b34f266e382b4b9957b5726243f9b8c8c703a
  ReactiveUIKit: af6e401a61d196502267ff216b7ac6f4c37c0dc5

PODFILE CHECKSUM: 5c236c3d336ff4021748e678cf2d310cd2ab9692

COCOAPODS: 1.0.0
